PODS:
  - Flutter (1.0.0)
  - flutter_plugin_nesp_social (0.0.1):
    - Flutter

DEPENDENCIES:
  - Flutter (from `Flutter`)
  - flutter_plugin_nesp_social (from `.symlinks/plugins/flutter_plugin_nesp_social/ios`)

EXTERNAL SOURCES:
  Flutter:
    :path: Flutter
  flutter_plugin_nesp_social:
    :path: ".symlinks/plugins/flutter_plugin_nesp_social/ios"

SPEC CHECKSUMS:
  Flutter: 0e3d915762c693b495b44d77113d4970485de6ec
  flutter_plugin_nesp_social: 9eefd0ddf62d3d5039ff524771bc255af20db182

PODFILE CHECKSUM: aafe91acc616949ddb318b77800a7f51bffa2a4c

COCOAPODS: 1.10.0
